
Microsoft Visual Studio Solution File, Format Version 12.00
# Visual Studio Version 17
VisualStudioVersion = 17.7.34031.279
MinimumVisualStudioVersion = 10.0.40219.1
Project("{9A19103F-16F7-4668-BE54-9A1E7A4F7556}") = "Models", "Models\Models.csproj", "{1100B4CA-FE6E-4494-91A6-8C1B867FE108}"
EndProject
Project("{9A19103F-16F7-4668-BE54-9A1E7A4F7556}") = "Tools", "Tools\Tools.csproj", "{954A8E05-81F4-403A-9346-E9CBF8EE3348}"
EndProject
Project("{9A19103F-16F7-4668-BE54-9A1E7A4F7556}") = "Contextualisers", "Contextualisers\Contextualisers.csproj", "{B37DF253-9A79-4732-8831-EE66D318FE83}"
EndProject
Project("{9A19103F-16F7-4668-BE54-9A1E7A4F7556}") = "ErrorListeners", "ErrorListeners\ErrorListeners.csproj", "{D0B21DE2-2DA6-47CA-9EA3-F4EF92D62DCF}"
EndProject
Project("{9A19103F-16F7-4668-BE54-9A1E7A4F7556}") = "Analysers", "Analysers\Analysers.csproj", "{5D211AB2-1E3B-4D00-9CAC-4A50FB1E582D}"
EndProject
Project("{9A19103F-16F7-4668-BE54-9A1E7A4F7556}") = "ASTGenerators", "ASTGenerators\ASTGenerators.csproj", "{6540CDF6-CF28-4149-B55B-DD2A61AB184A}"
EndProject
Project("{9A19103F-16F7-4668-BE54-9A1E7A4F7556}") = "Parsers", "Parsers\Parsers.csproj", "{123A2A13-5DBB-41A3-80C6-FD4D85901984}"
EndProject
Project("{9A19103F-16F7-4668-BE54-9A1E7A4F7556}") = "ASTGenerators.Tests", "Tests\ASTGenerators.Tests\ASTGenerators.Tests.csproj", "{CDE823EF-0C28-4D56-B8B4-9B3D520464EA}"
EndProject
Project("{9A19103F-16F7-4668-BE54-9A1E7A4F7556}") = "Contextualisers.Tests", "Tests\Contextualisers.Tests\Contextualisers.Tests.csproj", "{121214B0-7DFD-4B32-A642-2EF5B8808C52}"
EndProject
Project("{9A19103F-16F7-4668-BE54-9A1E7A4F7556}") = "Parsers.Tests", "Tests\Parsers.Tests\Parsers.Tests.csproj", "{D072A50D-687A-4BED-9E3B-E420D1455CFD}"
EndProject
Project("{9A19103F-16F7-4668-BE54-9A1E7A4F7556}") = "Models.Tests", "Tests\Models.Tests\Models.Tests.csproj", "{0AF4F189-B735-49D1-B47D-42A410E71345}"
EndProject
Project("{9A19103F-16F7-4668-BE54-9A1E7A4F7556}") = "CodeGenerators", "CodeGenerators\CodeGenerators.csproj", "{902EB2E1-CEBD-47FC-9274-07446F7B6ED1}"
EndProject
Project("{9A19103F-16F7-4668-BE54-9A1E7A4F7556}") = "CodeGenerators.Tests", "Tests\CodeGenerators.Tests\CodeGenerators.Tests.csproj", "{2871F6A6-CF5F-42D4-802D-3C32DA4993E9}"
EndProject
Project("{9A19103F-16F7-4668-BE54-9A1E7A4F7556}") = "PDDLSharp", "PDDLSharp\PDDLSharp.csproj", "{2025C675-7610-4EFE-92A2-40ACED7D68FE}"
EndProject
Project("{2150E333-8FDC-42A3-9474-1A3956D46DE8}") = "Solution Items", "Solution Items", "{72CBC661-82F2-4D63-81CE-A6FD542D356C}"
	ProjectSection(SolutionItems) = preProject
		.gitignore = .gitignore
		.github\workflows\dotnet-desktop.yml = .github\workflows\dotnet-desktop.yml
		LICENSE.txt = LICENSE.txt
		logo.png = logo.png
		README.md = README.md
	EndProjectSection
EndProject
Project("{9A19103F-16F7-4668-BE54-9A1E7A4F7556}") = "ErrorListeners.Tests", "Tests\ErrorListeners.Tests\ErrorListeners.Tests.csproj", "{0D8146BF-4BA1-421D-A4FE-A1BC190343DD}"
EndProject
Project("{9A19103F-16F7-4668-BE54-9A1E7A4F7556}") = "Toolkit.Simulators", "Toolkit\Toolkit.Simulators\Toolkit.Simulators.csproj", "{741E5650-7C79-43E0-9034-1F353A04954F}"
EndProject
Project("{9A19103F-16F7-4668-BE54-9A1E7A4F7556}") = "Toolkit.Simulators.Tests", "Toolkit\Tests\Toolkit.Simulators.Tests\Toolkit.Simulators.Tests.csproj", "{EB2AB0A3-14F6-48C2-A667-51AB24FD6EA3}"
EndProject
Project("{9A19103F-16F7-4668-BE54-9A1E7A4F7556}") = "Analysers.Tests", "Tests\Analysers.Tests\Analysers.Tests.csproj", "{16492AC2-BC0C-43A3-A723-54A1B6587A56}"
EndProject
Project("{9A19103F-16F7-4668-BE54-9A1E7A4F7556}") = "Tools.Tests", "Tests\Tools.Tests\Tools.Tests.csproj", "{4BE6578D-89E9-470C-8F8E-B802D5B788FD}"
EndProject
Project("{9A19103F-16F7-4668-BE54-9A1E7A4F7556}") = "Toolkit.PlanValidators", "Toolkit\Toolkit.PlanValidators\Toolkit.PlanValidators.csproj", "{EFAC1297-DD56-4F5C-AD3C-53E0B059C20A}"
EndProject
Project("{9A19103F-16F7-4668-BE54-9A1E7A4F7556}") = "Toolkit.PlanValidators.Tests", "Toolkit\Tests\Toolkit.PlanValidators.Tests\Toolkit.PlanValidators.Tests.csproj", "{A7D9465D-560F-44FB-A21C-9A2EF689CC17}"
EndProject
Project("{9A19103F-16F7-4668-BE54-9A1E7A4F7556}") = "Toolkit.MutexDetectors", "Toolkit\Toolkit.MutexDetectors\Toolkit.MutexDetectors.csproj", "{9A993269-4878-449E-A92B-A1571520463D}"
EndProject
Project("{9A19103F-16F7-4668-BE54-9A1E7A4F7556}") = "Toolkit.MutexDetectors.Tests", "Toolkit\Tests\Toolkit.MutexDetectors.Tests\Toolkit.MutexDetectors.Tests.csproj", "{71CACD47-007E-4F40-A89E-681EEF68495F}"
EndProject
Project("{2150E333-8FDC-42A3-9474-1A3956D46DE8}") = "Tookit", "Tookit", "{884017F5-D4E7-4631-A6EB-361BDB63F130}"
EndProject
Project("{2150E333-8FDC-42A3-9474-1A3956D46DE8}") = "Tests", "Tests", "{3E9E1F41-BF75-4D07-8FD1-3FED670863D7}"
	ProjectSection(SolutionItems) = preProject
		Tests\readme.md = Tests\readme.md
	EndProjectSection
EndProject
Project("{2150E333-8FDC-42A3-9474-1A3956D46DE8}") = "Tests", "Tests", "{A1F7B33E-DC44-4954-965F-09A549BA0813}"
	ProjectSection(SolutionItems) = preProject
		Toolkit\Tests\readme.md = Toolkit\Tests\readme.md
	EndProjectSection
EndProject
Project("{9A19103F-16F7-4668-BE54-9A1E7A4F7556}") = "Toolkit.MacroGenerators", "Toolkit\Toolkit.MacroGenerators\Toolkit.MacroGenerators.csproj", "{BA544147-EC18-4F2D-B60B-D385C07E3FA8}"
EndProject
Project("{9A19103F-16F7-4668-BE54-9A1E7A4F7556}") = "Toolkit.MacroGenerators.Tests", "Toolkit\Tests\Toolkit.MacroGenerators.Tests\Toolkit.MacroGenerators.Tests.csproj", "{92562916-666C-4D5B-A5A9-854DCB0626F7}"
EndProject
Project("{9A19103F-16F7-4668-BE54-9A1E7A4F7556}") = "StateSpaces", "StateSpaces\StateSpaces.csproj", "{96373672-0235-4809-BFA1-71DD33E55933}"
EndProject
Project("{9A19103F-16F7-4668-BE54-9A1E7A4F7556}") = "StateSpaces.Tests", "Tests\StateSpaces.Tests\StateSpaces.Tests.csproj", "{E6A451B3-E965-4167-B12C-0E0D47DFF1B7}"
EndProject
Project("{9A19103F-16F7-4668-BE54-9A1E7A4F7556}") = "PerformanceChecker", "PerformanceChecker\PerformanceChecker.csproj", "{81E5FAFB-87A5-4353-A268-5E4CCD8F9280}"
EndProject
Project("{2150E333-8FDC-42A3-9474-1A3956D46DE8}") = "Dependencies", "Dependencies", "{CBB3B5BA-D318-497F-9461-F451222CFE05}"
	ProjectSection(SolutionItems) = preProject
		Dependencies\readme.md = Dependencies\readme.md
	EndProjectSection
EndProject
Project("{9A19103F-16F7-4668-BE54-9A1E7A4F7556}") = "TestTools", "Tests\TestTools\TestTools.csproj", "{C986ADA8-FC8F-418C-851D-99926E43DC2C}"
EndProject
Project("{FAE04EC0-301F-11D3-BF4B-00C04F79EFBC}") = "Toolkits", "Toolkits\Toolkits.csproj", "{6F9A212E-CB10-41B5-88EB-BB989DC949C3}"
EndProject
Project("{FAE04EC0-301F-11D3-BF4B-00C04F79EFBC}") = "Toolkits.Tests", "Tests\Toolkits.Tests\Toolkits.Tests.csproj", "{057D07C5-3081-4633-84E2-C44433F53394}"
EndProject
Project("{9A19103F-16F7-4668-BE54-9A1E7A4F7556}") = "Translators", "Translators\Translators.csproj", "{68C848A1-9221-4642-8171-ACA6BB06D41F}"
EndProject
Project("{9A19103F-16F7-4668-BE54-9A1E7A4F7556}") = "Translators.Tests", "Tests\Translators.Tests\Translators.Tests.csproj", "{8ECF8B87-4CA4-415F-9C18-0B0F9BB7C463}"
EndProject
Global
	GlobalSection(SolutionConfigurationPlatforms) = preSolution
		Debug|Any CPU = Debug|Any CPU
		Release|Any CPU = Release|Any CPU
	EndGlobalSection
	GlobalSection(ProjectConfigurationPlatforms) = postSolution
		{1100B4CA-FE6E-4494-91A6-8C1B867FE108}.Debug|Any CPU.ActiveCfg = Debug|Any CPU
		{1100B4CA-FE6E-4494-91A6-8C1B867FE108}.Debug|Any CPU.Build.0 = Debug|Any CPU
		{1100B4CA-FE6E-4494-91A6-8C1B867FE108}.Release|Any CPU.ActiveCfg = Release|Any CPU
		{1100B4CA-FE6E-4494-91A6-8C1B867FE108}.Release|Any CPU.Build.0 = Release|Any CPU
		{954A8E05-81F4-403A-9346-E9CBF8EE3348}.Debug|Any CPU.ActiveCfg = Debug|Any CPU
		{954A8E05-81F4-403A-9346-E9CBF8EE3348}.Debug|Any CPU.Build.0 = Debug|Any CPU
		{954A8E05-81F4-403A-9346-E9CBF8EE3348}.Release|Any CPU.ActiveCfg = Release|Any CPU
		{954A8E05-81F4-403A-9346-E9CBF8EE3348}.Release|Any CPU.Build.0 = Release|Any CPU
		{B37DF253-9A79-4732-8831-EE66D318FE83}.Debug|Any CPU.ActiveCfg = Debug|Any CPU
		{B37DF253-9A79-4732-8831-EE66D318FE83}.Debug|Any CPU.Build.0 = Debug|Any CPU
		{B37DF253-9A79-4732-8831-EE66D318FE83}.Release|Any CPU.ActiveCfg = Release|Any CPU
		{B37DF253-9A79-4732-8831-EE66D318FE83}.Release|Any CPU.Build.0 = Release|Any CPU
		{D0B21DE2-2DA6-47CA-9EA3-F4EF92D62DCF}.Debug|Any CPU.ActiveCfg = Debug|Any CPU
		{D0B21DE2-2DA6-47CA-9EA3-F4EF92D62DCF}.Debug|Any CPU.Build.0 = Debug|Any CPU
		{D0B21DE2-2DA6-47CA-9EA3-F4EF92D62DCF}.Release|Any CPU.ActiveCfg = Release|Any CPU
		{D0B21DE2-2DA6-47CA-9EA3-F4EF92D62DCF}.Release|Any CPU.Build.0 = Release|Any CPU
		{5D211AB2-1E3B-4D00-9CAC-4A50FB1E582D}.Debug|Any CPU.ActiveCfg = Debug|Any CPU
		{5D211AB2-1E3B-4D00-9CAC-4A50FB1E582D}.Debug|Any CPU.Build.0 = Debug|Any CPU
		{5D211AB2-1E3B-4D00-9CAC-4A50FB1E582D}.Release|Any CPU.ActiveCfg = Release|Any CPU
		{5D211AB2-1E3B-4D00-9CAC-4A50FB1E582D}.Release|Any CPU.Build.0 = Release|Any CPU
		{6540CDF6-CF28-4149-B55B-DD2A61AB184A}.Debug|Any CPU.ActiveCfg = Debug|Any CPU
		{6540CDF6-CF28-4149-B55B-DD2A61AB184A}.Debug|Any CPU.Build.0 = Debug|Any CPU
		{6540CDF6-CF28-4149-B55B-DD2A61AB184A}.Release|Any CPU.ActiveCfg = Release|Any CPU
		{6540CDF6-CF28-4149-B55B-DD2A61AB184A}.Release|Any CPU.Build.0 = Release|Any CPU
		{123A2A13-5DBB-41A3-80C6-FD4D85901984}.Debug|Any CPU.ActiveCfg = Debug|Any CPU
		{123A2A13-5DBB-41A3-80C6-FD4D85901984}.Debug|Any CPU.Build.0 = Debug|Any CPU
		{123A2A13-5DBB-41A3-80C6-FD4D85901984}.Release|Any CPU.ActiveCfg = Release|Any CPU
		{123A2A13-5DBB-41A3-80C6-FD4D85901984}.Release|Any CPU.Build.0 = Release|Any CPU
		{CDE823EF-0C28-4D56-B8B4-9B3D520464EA}.Debug|Any CPU.ActiveCfg = Debug|Any CPU
		{CDE823EF-0C28-4D56-B8B4-9B3D520464EA}.Debug|Any CPU.Build.0 = Debug|Any CPU
		{CDE823EF-0C28-4D56-B8B4-9B3D520464EA}.Release|Any CPU.ActiveCfg = Release|Any CPU
		{CDE823EF-0C28-4D56-B8B4-9B3D520464EA}.Release|Any CPU.Build.0 = Release|Any CPU
		{121214B0-7DFD-4B32-A642-2EF5B8808C52}.Debug|Any CPU.ActiveCfg = Debug|Any CPU
		{121214B0-7DFD-4B32-A642-2EF5B8808C52}.Debug|Any CPU.Build.0 = Debug|Any CPU
		{121214B0-7DFD-4B32-A642-2EF5B8808C52}.Release|Any CPU.ActiveCfg = Release|Any CPU
		{121214B0-7DFD-4B32-A642-2EF5B8808C52}.Release|Any CPU.Build.0 = Release|Any CPU
		{D072A50D-687A-4BED-9E3B-E420D1455CFD}.Debug|Any CPU.ActiveCfg = Debug|Any CPU
		{D072A50D-687A-4BED-9E3B-E420D1455CFD}.Debug|Any CPU.Build.0 = Debug|Any CPU
		{D072A50D-687A-4BED-9E3B-E420D1455CFD}.Release|Any CPU.ActiveCfg = Release|Any CPU
		{D072A50D-687A-4BED-9E3B-E420D1455CFD}.Release|Any CPU.Build.0 = Release|Any CPU
		{0AF4F189-B735-49D1-B47D-42A410E71345}.Debug|Any CPU.ActiveCfg = Debug|Any CPU
		{0AF4F189-B735-49D1-B47D-42A410E71345}.Debug|Any CPU.Build.0 = Debug|Any CPU
		{0AF4F189-B735-49D1-B47D-42A410E71345}.Release|Any CPU.ActiveCfg = Release|Any CPU
		{0AF4F189-B735-49D1-B47D-42A410E71345}.Release|Any CPU.Build.0 = Release|Any CPU
		{902EB2E1-CEBD-47FC-9274-07446F7B6ED1}.Debug|Any CPU.ActiveCfg = Debug|Any CPU
		{902EB2E1-CEBD-47FC-9274-07446F7B6ED1}.Debug|Any CPU.Build.0 = Debug|Any CPU
		{902EB2E1-CEBD-47FC-9274-07446F7B6ED1}.Release|Any CPU.ActiveCfg = Release|Any CPU
		{902EB2E1-CEBD-47FC-9274-07446F7B6ED1}.Release|Any CPU.Build.0 = Release|Any CPU
		{2871F6A6-CF5F-42D4-802D-3C32DA4993E9}.Debug|Any CPU.ActiveCfg = Debug|Any CPU
		{2871F6A6-CF5F-42D4-802D-3C32DA4993E9}.Debug|Any CPU.Build.0 = Debug|Any CPU
		{2871F6A6-CF5F-42D4-802D-3C32DA4993E9}.Release|Any CPU.ActiveCfg = Release|Any CPU
		{2871F6A6-CF5F-42D4-802D-3C32DA4993E9}.Release|Any CPU.Build.0 = Release|Any CPU
		{2025C675-7610-4EFE-92A2-40ACED7D68FE}.Debug|Any CPU.ActiveCfg = Debug|Any CPU
		{2025C675-7610-4EFE-92A2-40ACED7D68FE}.Debug|Any CPU.Build.0 = Debug|Any CPU
		{2025C675-7610-4EFE-92A2-40ACED7D68FE}.Release|Any CPU.ActiveCfg = Release|Any CPU
		{2025C675-7610-4EFE-92A2-40ACED7D68FE}.Release|Any CPU.Build.0 = Release|Any CPU
		{0D8146BF-4BA1-421D-A4FE-A1BC190343DD}.Debug|Any CPU.ActiveCfg = Debug|Any CPU
		{0D8146BF-4BA1-421D-A4FE-A1BC190343DD}.Debug|Any CPU.Build.0 = Debug|Any CPU
		{0D8146BF-4BA1-421D-A4FE-A1BC190343DD}.Release|Any CPU.ActiveCfg = Release|Any CPU
		{0D8146BF-4BA1-421D-A4FE-A1BC190343DD}.Release|Any CPU.Build.0 = Release|Any CPU
		{741E5650-7C79-43E0-9034-1F353A04954F}.Debug|Any CPU.ActiveCfg = Debug|Any CPU
		{741E5650-7C79-43E0-9034-1F353A04954F}.Debug|Any CPU.Build.0 = Debug|Any CPU
		{741E5650-7C79-43E0-9034-1F353A04954F}.Release|Any CPU.ActiveCfg = Release|Any CPU
		{741E5650-7C79-43E0-9034-1F353A04954F}.Release|Any CPU.Build.0 = Release|Any CPU
		{EB2AB0A3-14F6-48C2-A667-51AB24FD6EA3}.Debug|Any CPU.ActiveCfg = Debug|Any CPU
		{EB2AB0A3-14F6-48C2-A667-51AB24FD6EA3}.Debug|Any CPU.Build.0 = Debug|Any CPU
		{EB2AB0A3-14F6-48C2-A667-51AB24FD6EA3}.Release|Any CPU.ActiveCfg = Release|Any CPU
		{EB2AB0A3-14F6-48C2-A667-51AB24FD6EA3}.Release|Any CPU.Build.0 = Release|Any CPU
		{16492AC2-BC0C-43A3-A723-54A1B6587A56}.Debug|Any CPU.ActiveCfg = Debug|Any CPU
		{16492AC2-BC0C-43A3-A723-54A1B6587A56}.Debug|Any CPU.Build.0 = Debug|Any CPU
		{16492AC2-BC0C-43A3-A723-54A1B6587A56}.Release|Any CPU.ActiveCfg = Release|Any CPU
		{16492AC2-BC0C-43A3-A723-54A1B6587A56}.Release|Any CPU.Build.0 = Release|Any CPU
		{4BE6578D-89E9-470C-8F8E-B802D5B788FD}.Debug|Any CPU.ActiveCfg = Debug|Any CPU
		{4BE6578D-89E9-470C-8F8E-B802D5B788FD}.Debug|Any CPU.Build.0 = Debug|Any CPU
		{4BE6578D-89E9-470C-8F8E-B802D5B788FD}.Release|Any CPU.ActiveCfg = Release|Any CPU
		{4BE6578D-89E9-470C-8F8E-B802D5B788FD}.Release|Any CPU.Build.0 = Release|Any CPU
		{EFAC1297-DD56-4F5C-AD3C-53E0B059C20A}.Debug|Any CPU.ActiveCfg = Debug|Any CPU
		{EFAC1297-DD56-4F5C-AD3C-53E0B059C20A}.Debug|Any CPU.Build.0 = Debug|Any CPU
		{EFAC1297-DD56-4F5C-AD3C-53E0B059C20A}.Release|Any CPU.ActiveCfg = Release|Any CPU
		{EFAC1297-DD56-4F5C-AD3C-53E0B059C20A}.Release|Any CPU.Build.0 = Release|Any CPU
		{A7D9465D-560F-44FB-A21C-9A2EF689CC17}.Debug|Any CPU.ActiveCfg = Debug|Any CPU
		{A7D9465D-560F-44FB-A21C-9A2EF689CC17}.Debug|Any CPU.Build.0 = Debug|Any CPU
		{A7D9465D-560F-44FB-A21C-9A2EF689CC17}.Release|Any CPU.ActiveCfg = Release|Any CPU
		{A7D9465D-560F-44FB-A21C-9A2EF689CC17}.Release|Any CPU.Build.0 = Release|Any CPU
		{9A993269-4878-449E-A92B-A1571520463D}.Debug|Any CPU.ActiveCfg = Debug|Any CPU
		{9A993269-4878-449E-A92B-A1571520463D}.Debug|Any CPU.Build.0 = Debug|Any CPU
		{9A993269-4878-449E-A92B-A1571520463D}.Release|Any CPU.ActiveCfg = Release|Any CPU
		{9A993269-4878-449E-A92B-A1571520463D}.Release|Any CPU.Build.0 = Release|Any CPU
		{71CACD47-007E-4F40-A89E-681EEF68495F}.Debug|Any CPU.ActiveCfg = Debug|Any CPU
		{71CACD47-007E-4F40-A89E-681EEF68495F}.Debug|Any CPU.Build.0 = Debug|Any CPU
		{71CACD47-007E-4F40-A89E-681EEF68495F}.Release|Any CPU.ActiveCfg = Release|Any CPU
		{71CACD47-007E-4F40-A89E-681EEF68495F}.Release|Any CPU.Build.0 = Release|Any CPU
		{BA544147-EC18-4F2D-B60B-D385C07E3FA8}.Debug|Any CPU.ActiveCfg = Debug|Any CPU
		{BA544147-EC18-4F2D-B60B-D385C07E3FA8}.Debug|Any CPU.Build.0 = Debug|Any CPU
		{BA544147-EC18-4F2D-B60B-D385C07E3FA8}.Release|Any CPU.ActiveCfg = Release|Any CPU
		{BA544147-EC18-4F2D-B60B-D385C07E3FA8}.Release|Any CPU.Build.0 = Release|Any CPU
		{92562916-666C-4D5B-A5A9-854DCB0626F7}.Debug|Any CPU.ActiveCfg = Debug|Any CPU
		{92562916-666C-4D5B-A5A9-854DCB0626F7}.Debug|Any CPU.Build.0 = Debug|Any CPU
		{92562916-666C-4D5B-A5A9-854DCB0626F7}.Release|Any CPU.ActiveCfg = Release|Any CPU
		{92562916-666C-4D5B-A5A9-854DCB0626F7}.Release|Any CPU.Build.0 = Release|Any CPU
		{96373672-0235-4809-BFA1-71DD33E55933}.Debug|Any CPU.ActiveCfg = Debug|Any CPU
		{96373672-0235-4809-BFA1-71DD33E55933}.Debug|Any CPU.Build.0 = Debug|Any CPU
		{96373672-0235-4809-BFA1-71DD33E55933}.Release|Any CPU.ActiveCfg = Release|Any CPU
		{96373672-0235-4809-BFA1-71DD33E55933}.Release|Any CPU.Build.0 = Release|Any CPU
		{E6A451B3-E965-4167-B12C-0E0D47DFF1B7}.Debug|Any CPU.ActiveCfg = Debug|Any CPU
		{E6A451B3-E965-4167-B12C-0E0D47DFF1B7}.Debug|Any CPU.Build.0 = Debug|Any CPU
		{E6A451B3-E965-4167-B12C-0E0D47DFF1B7}.Release|Any CPU.ActiveCfg = Release|Any CPU
		{E6A451B3-E965-4167-B12C-0E0D47DFF1B7}.Release|Any CPU.Build.0 = Release|Any CPU
		{81E5FAFB-87A5-4353-A268-5E4CCD8F9280}.Debug|Any CPU.ActiveCfg = Debug|Any CPU
		{81E5FAFB-87A5-4353-A268-5E4CCD8F9280}.Debug|Any CPU.Build.0 = Debug|Any CPU
		{81E5FAFB-87A5-4353-A268-5E4CCD8F9280}.Release|Any CPU.ActiveCfg = Release|Any CPU
		{81E5FAFB-87A5-4353-A268-5E4CCD8F9280}.Release|Any CPU.Build.0 = Release|Any CPU
		{C986ADA8-FC8F-418C-851D-99926E43DC2C}.Debug|Any CPU.ActiveCfg = Debug|Any CPU
		{C986ADA8-FC8F-418C-851D-99926E43DC2C}.Debug|Any CPU.Build.0 = Debug|Any CPU
		{C986ADA8-FC8F-418C-851D-99926E43DC2C}.Release|Any CPU.ActiveCfg = Release|Any CPU
		{C986ADA8-FC8F-418C-851D-99926E43DC2C}.Release|Any CPU.Build.0 = Release|Any CPU
		{6F9A212E-CB10-41B5-88EB-BB989DC949C3}.Debug|Any CPU.ActiveCfg = Debug|Any CPU
		{6F9A212E-CB10-41B5-88EB-BB989DC949C3}.Debug|Any CPU.Build.0 = Debug|Any CPU
		{6F9A212E-CB10-41B5-88EB-BB989DC949C3}.Release|Any CPU.ActiveCfg = Release|Any CPU
		{6F9A212E-CB10-41B5-88EB-BB989DC949C3}.Release|Any CPU.Build.0 = Release|Any CPU
		{057D07C5-3081-4633-84E2-C44433F53394}.Debug|Any CPU.ActiveCfg = Debug|Any CPU
		{057D07C5-3081-4633-84E2-C44433F53394}.Debug|Any CPU.Build.0 = Debug|Any CPU
		{057D07C5-3081-4633-84E2-C44433F53394}.Release|Any CPU.ActiveCfg = Release|Any CPU
		{057D07C5-3081-4633-84E2-C44433F53394}.Release|Any CPU.Build.0 = Release|Any CPU
		{68C848A1-9221-4642-8171-ACA6BB06D41F}.Debug|Any CPU.ActiveCfg = Debug|Any CPU
		{68C848A1-9221-4642-8171-ACA6BB06D41F}.Debug|Any CPU.Build.0 = Debug|Any CPU
		{68C848A1-9221-4642-8171-ACA6BB06D41F}.Release|Any CPU.ActiveCfg = Release|Any CPU
		{68C848A1-9221-4642-8171-ACA6BB06D41F}.Release|Any CPU.Build.0 = Release|Any CPU
		{8ECF8B87-4CA4-415F-9C18-0B0F9BB7C463}.Debug|Any CPU.ActiveCfg = Debug|Any CPU
		{8ECF8B87-4CA4-415F-9C18-0B0F9BB7C463}.Debug|Any CPU.Build.0 = Debug|Any CPU
		{8ECF8B87-4CA4-415F-9C18-0B0F9BB7C463}.Release|Any CPU.ActiveCfg = Release|Any CPU
		{8ECF8B87-4CA4-415F-9C18-0B0F9BB7C463}.Release|Any CPU.Build.0 = Release|Any CPU
	EndGlobalSection
	GlobalSection(SolutionProperties) = preSolution
		HideSolutionNode = FALSE
	EndGlobalSection
	GlobalSection(NestedProjects) = preSolution
		{CDE823EF-0C28-4D56-B8B4-9B3D520464EA} = {3E9E1F41-BF75-4D07-8FD1-3FED670863D7}
		{121214B0-7DFD-4B32-A642-2EF5B8808C52} = {3E9E1F41-BF75-4D07-8FD1-3FED670863D7}
		{D072A50D-687A-4BED-9E3B-E420D1455CFD} = {3E9E1F41-BF75-4D07-8FD1-3FED670863D7}
		{0AF4F189-B735-49D1-B47D-42A410E71345} = {3E9E1F41-BF75-4D07-8FD1-3FED670863D7}
		{2871F6A6-CF5F-42D4-802D-3C32DA4993E9} = {3E9E1F41-BF75-4D07-8FD1-3FED670863D7}
		{0D8146BF-4BA1-421D-A4FE-A1BC190343DD} = {3E9E1F41-BF75-4D07-8FD1-3FED670863D7}
		{741E5650-7C79-43E0-9034-1F353A04954F} = {884017F5-D4E7-4631-A6EB-361BDB63F130}
		{EB2AB0A3-14F6-48C2-A667-51AB24FD6EA3} = {A1F7B33E-DC44-4954-965F-09A549BA0813}
		{16492AC2-BC0C-43A3-A723-54A1B6587A56} = {3E9E1F41-BF75-4D07-8FD1-3FED670863D7}
		{4BE6578D-89E9-470C-8F8E-B802D5B788FD} = {3E9E1F41-BF75-4D07-8FD1-3FED670863D7}
		{EFAC1297-DD56-4F5C-AD3C-53E0B059C20A} = {884017F5-D4E7-4631-A6EB-361BDB63F130}
		{A7D9465D-560F-44FB-A21C-9A2EF689CC17} = {A1F7B33E-DC44-4954-965F-09A549BA0813}
		{9A993269-4878-449E-A92B-A1571520463D} = {884017F5-D4E7-4631-A6EB-361BDB63F130}
		{71CACD47-007E-4F40-A89E-681EEF68495F} = {A1F7B33E-DC44-4954-965F-09A549BA0813}
		{A1F7B33E-DC44-4954-965F-09A549BA0813} = {884017F5-D4E7-4631-A6EB-361BDB63F130}
		{BA544147-EC18-4F2D-B60B-D385C07E3FA8} = {884017F5-D4E7-4631-A6EB-361BDB63F130}
		{92562916-666C-4D5B-A5A9-854DCB0626F7} = {A1F7B33E-DC44-4954-965F-09A549BA0813}
		{E6A451B3-E965-4167-B12C-0E0D47DFF1B7} = {3E9E1F41-BF75-4D07-8FD1-3FED670863D7}
		{C986ADA8-FC8F-418C-851D-99926E43DC2C} = {3E9E1F41-BF75-4D07-8FD1-3FED670863D7}
		{057D07C5-3081-4633-84E2-C44433F53394} = {3E9E1F41-BF75-4D07-8FD1-3FED670863D7}
		{8ECF8B87-4CA4-415F-9C18-0B0F9BB7C463} = {3E9E1F41-BF75-4D07-8FD1-3FED670863D7}
	EndGlobalSection
	GlobalSection(ExtensibilityGlobals) = postSolution
		SolutionGuid = {4318FA26-2735-43B3-A9D9-1FFB4E409256}
	EndGlobalSection
EndGlobal
