
Microsoft Visual Studio Solution File, Format Version 12.00
# Visual Studio Version 17
VisualStudioVersion = 17.7.34031.279
MinimumVisualStudioVersion = 10.0.40219.1
Project("{9A19103F-16F7-4668-BE54-9A1E7A4F7556}") = "Models", "Models\Models.csproj", "{1100B4CA-FE6E-4494-91A6-8C1B867FE108}"
EndProject
Project("{9A19103F-16F7-4668-BE54-9A1E7A4F7556}") = "Tools", "Tools\Tools.csproj", "{954A8E05-81F4-403A-9346-E9CBF8EE3348}"
EndProject
Project("{9A19103F-16F7-4668-BE54-9A1E7A4F7556}") = "Contextualisers", "Contextualisers\Contextualisers.csproj", "{B37DF253-9A79-4732-8831-EE66D318FE83}"
EndProject
Project("{9A19103F-16F7-4668-BE54-9A1E7A4F7556}") = "ErrorListeners", "ErrorListeners\ErrorListeners.csproj", "{D0B21DE2-2DA6-47CA-9EA3-F4EF92D62DCF}"
EndProject
Project("{9A19103F-16F7-4668-BE54-9A1E7A4F7556}") = "Analysers", "Analysers\Analysers.csproj", "{5D211AB2-1E3B-4D00-9CAC-4A50FB1E582D}"
EndProject
Project("{9A19103F-16F7-4668-BE54-9A1E7A4F7556}") = "ASTGenerators", "ASTGenerators\ASTGenerators.csproj", "{6540CDF6-CF28-4149-B55B-DD2A61AB184A}"
EndProject
Project("{9A19103F-16F7-4668-BE54-9A1E7A4F7556}") = "Parsers", "Parsers\Parsers.csproj", "{123A2A13-5DBB-41A3-80C6-FD4D85901984}"
EndProject
Project("{9A19103F-16F7-4668-BE54-9A1E7A4F7556}") = "ASTGenerators.Tests", "ASTGenerators.Tests\ASTGenerators.Tests.csproj", "{CDE823EF-0C28-4D56-B8B4-9B3D520464EA}"
EndProject
Project("{9A19103F-16F7-4668-BE54-9A1E7A4F7556}") = "Contextualisers.Tests", "Contextualisers.Tests\Contextualisers.Tests.csproj", "{121214B0-7DFD-4B32-A642-2EF5B8808C52}"
EndProject
Project("{9A19103F-16F7-4668-BE54-9A1E7A4F7556}") = "Parsers.Tests", "Parsers.Tests\Parsers.Tests.csproj", "{D072A50D-687A-4BED-9E3B-E420D1455CFD}"
EndProject
Project("{9A19103F-16F7-4668-BE54-9A1E7A4F7556}") = "Models.Tests", "Models.Tests\Models.Tests.csproj", "{0AF4F189-B735-49D1-B47D-42A410E71345}"
EndProject
Project("{9A19103F-16F7-4668-BE54-9A1E7A4F7556}") = "PDDLSharp.Tests.System", "PDDLSharp.Tests.System\PDDLSharp.Tests.System.csproj", "{323D934C-0370-48CB-9374-369BEFD58CF8}"
EndProject
Project("{9A19103F-16F7-4668-BE54-9A1E7A4F7556}") = "CodeGenerators", "CodeGenerators\CodeGenerators.csproj", "{902EB2E1-CEBD-47FC-9274-07446F7B6ED1}"
EndProject
Project("{9A19103F-16F7-4668-BE54-9A1E7A4F7556}") = "CodeGenerators.Tests", "CodeGenerators.Tests\CodeGenerators.Tests.csproj", "{2871F6A6-CF5F-42D4-802D-3C32DA4993E9}"
EndProject
Project("{9A19103F-16F7-4668-BE54-9A1E7A4F7556}") = "PDDLSharp", "PDDLSharp\PDDLSharp.csproj", "{2025C675-7610-4EFE-92A2-40ACED7D68FE}"
EndProject
Project("{2150E333-8FDC-42A3-9474-1A3956D46DE8}") = "Solution Items", "Solution Items", "{72CBC661-82F2-4D63-81CE-A6FD542D356C}"
	ProjectSection(SolutionItems) = preProject
		.gitignore = .gitignore
		.github\workflows\dotnet-desktop.yml = .github\workflows\dotnet-desktop.yml
		LICENSE.txt = LICENSE.txt
		README.md = README.md
	EndProjectSection
EndProject
Project("{9A19103F-16F7-4668-BE54-9A1E7A4F7556}") = "PerformanceTests", "PerformanceTests\PerformanceTests.csproj", "{F2DFDEC5-F9EF-4E97-9ECB-08846CCA66ED}"
EndProject
Project("{9A19103F-16F7-4668-BE54-9A1E7A4F7556}") = "ErrorListeners.Tests", "ErrorListeners.Tests\ErrorListeners.Tests.csproj", "{0D8146BF-4BA1-421D-A4FE-A1BC190343DD}"
EndProject
Project("{9A19103F-16F7-4668-BE54-9A1E7A4F7556}") = "Simulators.StateSpace", "Simulators.StateSpace\Simulators.StateSpace.csproj", "{741E5650-7C79-43E0-9034-1F353A04954F}"
EndProject
Project("{9A19103F-16F7-4668-BE54-9A1E7A4F7556}") = "Simulators.StateSpace.Tests", "Simulators.StateSpace.Tests\Simulators.StateSpace.Tests.csproj", "{EB2AB0A3-14F6-48C2-A667-51AB24FD6EA3}"
EndProject
Project("{9A19103F-16F7-4668-BE54-9A1E7A4F7556}") = "Analysers.Tests", "Analysers.Tests\Analysers.Tests.csproj", "{16492AC2-BC0C-43A3-A723-54A1B6587A56}"
EndProject
Project("{9A19103F-16F7-4668-BE54-9A1E7A4F7556}") = "ToolsTests", "ToolsTests\ToolsTests.csproj", "{4BE6578D-89E9-470C-8F8E-B802D5B788FD}"
EndProject
Project("{FAE04EC0-301F-11D3-BF4B-00C04F79EFBC}") = "States", "States\States.csproj", "{77AC2AD1-14CD-4BA7-AF40-587AAEF68755}"
EndProject
Global
	GlobalSection(SolutionConfigurationPlatforms) = preSolution
		Debug|Any CPU = Debug|Any CPU
		Release|Any CPU = Release|Any CPU
	EndGlobalSection
	GlobalSection(ProjectConfigurationPlatforms) = postSolution
		{1100B4CA-FE6E-4494-91A6-8C1B867FE108}.Debug|Any CPU.ActiveCfg = Debug|Any CPU
		{1100B4CA-FE6E-4494-91A6-8C1B867FE108}.Debug|Any CPU.Build.0 = Debug|Any CPU
		{1100B4CA-FE6E-4494-91A6-8C1B867FE108}.Release|Any CPU.ActiveCfg = Release|Any CPU
		{1100B4CA-FE6E-4494-91A6-8C1B867FE108}.Release|Any CPU.Build.0 = Release|Any CPU
		{954A8E05-81F4-403A-9346-E9CBF8EE3348}.Debug|Any CPU.ActiveCfg = Debug|Any CPU
		{954A8E05-81F4-403A-9346-E9CBF8EE3348}.Debug|Any CPU.Build.0 = Debug|Any CPU
		{954A8E05-81F4-403A-9346-E9CBF8EE3348}.Release|Any CPU.ActiveCfg = Release|Any CPU
		{954A8E05-81F4-403A-9346-E9CBF8EE3348}.Release|Any CPU.Build.0 = Release|Any CPU
		{B37DF253-9A79-4732-8831-EE66D318FE83}.Debug|Any CPU.ActiveCfg = Debug|Any CPU
		{B37DF253-9A79-4732-8831-EE66D318FE83}.Debug|Any CPU.Build.0 = Debug|Any CPU
		{B37DF253-9A79-4732-8831-EE66D318FE83}.Release|Any CPU.ActiveCfg = Release|Any CPU
		{B37DF253-9A79-4732-8831-EE66D318FE83}.Release|Any CPU.Build.0 = Release|Any CPU
		{D0B21DE2-2DA6-47CA-9EA3-F4EF92D62DCF}.Debug|Any CPU.ActiveCfg = Debug|Any CPU
		{D0B21DE2-2DA6-47CA-9EA3-F4EF92D62DCF}.Debug|Any CPU.Build.0 = Debug|Any CPU
		{D0B21DE2-2DA6-47CA-9EA3-F4EF92D62DCF}.Release|Any CPU.ActiveCfg = Release|Any CPU
		{D0B21DE2-2DA6-47CA-9EA3-F4EF92D62DCF}.Release|Any CPU.Build.0 = Release|Any CPU
		{5D211AB2-1E3B-4D00-9CAC-4A50FB1E582D}.Debug|Any CPU.ActiveCfg = Debug|Any CPU
		{5D211AB2-1E3B-4D00-9CAC-4A50FB1E582D}.Debug|Any CPU.Build.0 = Debug|Any CPU
		{5D211AB2-1E3B-4D00-9CAC-4A50FB1E582D}.Release|Any CPU.ActiveCfg = Release|Any CPU
		{5D211AB2-1E3B-4D00-9CAC-4A50FB1E582D}.Release|Any CPU.Build.0 = Release|Any CPU
		{6540CDF6-CF28-4149-B55B-DD2A61AB184A}.Debug|Any CPU.ActiveCfg = Debug|Any CPU
		{6540CDF6-CF28-4149-B55B-DD2A61AB184A}.Debug|Any CPU.Build.0 = Debug|Any CPU
		{6540CDF6-CF28-4149-B55B-DD2A61AB184A}.Release|Any CPU.ActiveCfg = Release|Any CPU
		{6540CDF6-CF28-4149-B55B-DD2A61AB184A}.Release|Any CPU.Build.0 = Release|Any CPU
		{123A2A13-5DBB-41A3-80C6-FD4D85901984}.Debug|Any CPU.ActiveCfg = Debug|Any CPU
		{123A2A13-5DBB-41A3-80C6-FD4D85901984}.Debug|Any CPU.Build.0 = Debug|Any CPU
		{123A2A13-5DBB-41A3-80C6-FD4D85901984}.Release|Any CPU.ActiveCfg = Release|Any CPU
		{123A2A13-5DBB-41A3-80C6-FD4D85901984}.Release|Any CPU.Build.0 = Release|Any CPU
		{CDE823EF-0C28-4D56-B8B4-9B3D520464EA}.Debug|Any CPU.ActiveCfg = Debug|Any CPU
		{CDE823EF-0C28-4D56-B8B4-9B3D520464EA}.Debug|Any CPU.Build.0 = Debug|Any CPU
		{CDE823EF-0C28-4D56-B8B4-9B3D520464EA}.Release|Any CPU.ActiveCfg = Release|Any CPU
		{CDE823EF-0C28-4D56-B8B4-9B3D520464EA}.Release|Any CPU.Build.0 = Release|Any CPU
		{121214B0-7DFD-4B32-A642-2EF5B8808C52}.Debug|Any CPU.ActiveCfg = Debug|Any CPU
		{121214B0-7DFD-4B32-A642-2EF5B8808C52}.Debug|Any CPU.Build.0 = Debug|Any CPU
		{121214B0-7DFD-4B32-A642-2EF5B8808C52}.Release|Any CPU.ActiveCfg = Release|Any CPU
		{121214B0-7DFD-4B32-A642-2EF5B8808C52}.Release|Any CPU.Build.0 = Release|Any CPU
		{D072A50D-687A-4BED-9E3B-E420D1455CFD}.Debug|Any CPU.ActiveCfg = Debug|Any CPU
		{D072A50D-687A-4BED-9E3B-E420D1455CFD}.Debug|Any CPU.Build.0 = Debug|Any CPU
		{D072A50D-687A-4BED-9E3B-E420D1455CFD}.Release|Any CPU.ActiveCfg = Release|Any CPU
		{D072A50D-687A-4BED-9E3B-E420D1455CFD}.Release|Any CPU.Build.0 = Release|Any CPU
		{0AF4F189-B735-49D1-B47D-42A410E71345}.Debug|Any CPU.ActiveCfg = Debug|Any CPU
		{0AF4F189-B735-49D1-B47D-42A410E71345}.Debug|Any CPU.Build.0 = Debug|Any CPU
		{0AF4F189-B735-49D1-B47D-42A410E71345}.Release|Any CPU.ActiveCfg = Release|Any CPU
		{0AF4F189-B735-49D1-B47D-42A410E71345}.Release|Any CPU.Build.0 = Release|Any CPU
		{323D934C-0370-48CB-9374-369BEFD58CF8}.Debug|Any CPU.ActiveCfg = Debug|Any CPU
		{323D934C-0370-48CB-9374-369BEFD58CF8}.Debug|Any CPU.Build.0 = Debug|Any CPU
		{323D934C-0370-48CB-9374-369BEFD58CF8}.Release|Any CPU.ActiveCfg = Release|Any CPU
		{323D934C-0370-48CB-9374-369BEFD58CF8}.Release|Any CPU.Build.0 = Release|Any CPU
		{902EB2E1-CEBD-47FC-9274-07446F7B6ED1}.Debug|Any CPU.ActiveCfg = Debug|Any CPU
		{902EB2E1-CEBD-47FC-9274-07446F7B6ED1}.Debug|Any CPU.Build.0 = Debug|Any CPU
		{902EB2E1-CEBD-47FC-9274-07446F7B6ED1}.Release|Any CPU.ActiveCfg = Release|Any CPU
		{902EB2E1-CEBD-47FC-9274-07446F7B6ED1}.Release|Any CPU.Build.0 = Release|Any CPU
		{2871F6A6-CF5F-42D4-802D-3C32DA4993E9}.Debug|Any CPU.ActiveCfg = Debug|Any CPU
		{2871F6A6-CF5F-42D4-802D-3C32DA4993E9}.Debug|Any CPU.Build.0 = Debug|Any CPU
		{2871F6A6-CF5F-42D4-802D-3C32DA4993E9}.Release|Any CPU.ActiveCfg = Release|Any CPU
		{2871F6A6-CF5F-42D4-802D-3C32DA4993E9}.Release|Any CPU.Build.0 = Release|Any CPU
		{2025C675-7610-4EFE-92A2-40ACED7D68FE}.Debug|Any CPU.ActiveCfg = Debug|Any CPU
		{2025C675-7610-4EFE-92A2-40ACED7D68FE}.Debug|Any CPU.Build.0 = Debug|Any CPU
		{2025C675-7610-4EFE-92A2-40ACED7D68FE}.Release|Any CPU.ActiveCfg = Release|Any CPU
		{2025C675-7610-4EFE-92A2-40ACED7D68FE}.Release|Any CPU.Build.0 = Release|Any CPU
		{F2DFDEC5-F9EF-4E97-9ECB-08846CCA66ED}.Debug|Any CPU.ActiveCfg = Debug|Any CPU
		{F2DFDEC5-F9EF-4E97-9ECB-08846CCA66ED}.Debug|Any CPU.Build.0 = Debug|Any CPU
		{F2DFDEC5-F9EF-4E97-9ECB-08846CCA66ED}.Release|Any CPU.ActiveCfg = Release|Any CPU
		{F2DFDEC5-F9EF-4E97-9ECB-08846CCA66ED}.Release|Any CPU.Build.0 = Release|Any CPU
		{0D8146BF-4BA1-421D-A4FE-A1BC190343DD}.Debug|Any CPU.ActiveCfg = Debug|Any CPU
		{0D8146BF-4BA1-421D-A4FE-A1BC190343DD}.Debug|Any CPU.Build.0 = Debug|Any CPU
		{0D8146BF-4BA1-421D-A4FE-A1BC190343DD}.Release|Any CPU.ActiveCfg = Release|Any CPU
		{0D8146BF-4BA1-421D-A4FE-A1BC190343DD}.Release|Any CPU.Build.0 = Release|Any CPU
		{741E5650-7C79-43E0-9034-1F353A04954F}.Debug|Any CPU.ActiveCfg = Debug|Any CPU
		{741E5650-7C79-43E0-9034-1F353A04954F}.Debug|Any CPU.Build.0 = Debug|Any CPU
		{741E5650-7C79-43E0-9034-1F353A04954F}.Release|Any CPU.ActiveCfg = Release|Any CPU
		{741E5650-7C79-43E0-9034-1F353A04954F}.Release|Any CPU.Build.0 = Release|Any CPU
		{EB2AB0A3-14F6-48C2-A667-51AB24FD6EA3}.Debug|Any CPU.ActiveCfg = Debug|Any CPU
		{EB2AB0A3-14F6-48C2-A667-51AB24FD6EA3}.Debug|Any CPU.Build.0 = Debug|Any CPU
		{EB2AB0A3-14F6-48C2-A667-51AB24FD6EA3}.Release|Any CPU.ActiveCfg = Release|Any CPU
		{EB2AB0A3-14F6-48C2-A667-51AB24FD6EA3}.Release|Any CPU.Build.0 = Release|Any CPU
		{16492AC2-BC0C-43A3-A723-54A1B6587A56}.Debug|Any CPU.ActiveCfg = Debug|Any CPU
		{16492AC2-BC0C-43A3-A723-54A1B6587A56}.Debug|Any CPU.Build.0 = Debug|Any CPU
		{16492AC2-BC0C-43A3-A723-54A1B6587A56}.Release|Any CPU.ActiveCfg = Release|Any CPU
		{16492AC2-BC0C-43A3-A723-54A1B6587A56}.Release|Any CPU.Build.0 = Release|Any CPU
		{4BE6578D-89E9-470C-8F8E-B802D5B788FD}.Debug|Any CPU.ActiveCfg = Debug|Any CPU
		{4BE6578D-89E9-470C-8F8E-B802D5B788FD}.Debug|Any CPU.Build.0 = Debug|Any CPU
		{4BE6578D-89E9-470C-8F8E-B802D5B788FD}.Release|Any CPU.ActiveCfg = Release|Any CPU
		{4BE6578D-89E9-470C-8F8E-B802D5B788FD}.Release|Any CPU.Build.0 = Release|Any CPU
		{77AC2AD1-14CD-4BA7-AF40-587AAEF68755}.Debug|Any CPU.ActiveCfg = Debug|Any CPU
		{77AC2AD1-14CD-4BA7-AF40-587AAEF68755}.Debug|Any CPU.Build.0 = Debug|Any CPU
		{77AC2AD1-14CD-4BA7-AF40-587AAEF68755}.Release|Any CPU.ActiveCfg = Release|Any CPU
		{77AC2AD1-14CD-4BA7-AF40-587AAEF68755}.Release|Any CPU.Build.0 = Release|Any CPU
	EndGlobalSection
	GlobalSection(SolutionProperties) = preSolution
		HideSolutionNode = FALSE
	EndGlobalSection
	GlobalSection(ExtensibilityGlobals) = postSolution
		SolutionGuid = {4318FA26-2735-43B3-A9D9-1FFB4E409256}
	EndGlobalSection
EndGlobal
